
Microsoft Visual Studio Solution File, Format Version 12.00
# Visual Studio Version 17
VisualStudioVersion = 17.6.33712.159
MinimumVisualStudioVersion = 10.0.40219.1
Project("{FAE04EC0-301F-11D3-BF4B-00C04F79EFBC}") = "NeuralNetwork_2.0", "NeuralNetwork_2.0\NeuralNetwork_2.0.csproj", "{D46E4CF3-8689-4E6E-967B-B0F9CCD440BB}"
EndProject
Global
	GlobalSection(SolutionConfigurationPlatforms) = preSolution
		Debug|Any CPU = Debug|Any CPU
		Release|Any CPU = Release|Any CPU
	EndGlobalSection
	GlobalSection(ProjectConfigurationPlatforms) = postSolution
		{D46E4CF3-8689-4E6E-967B-B0F9CCD440BB}.Debug|Any CPU.ActiveCfg = Debug|Any CPU
		{D46E4CF3-8689-4E6E-967B-B0F9CCD440BB}.Debug|Any CPU.Build.0 = Debug|Any CPU
		{D46E4CF3-8689-4E6E-967B-B0F9CCD440BB}.Release|Any CPU.ActiveCfg = Release|Any CPU
		{D46E4CF3-8689-4E6E-967B-B0F9CCD440BB}.Release|Any CPU.Build.0 = Release|Any CPU
	EndGlobalSection
	GlobalSection(SolutionProperties) = preSolution
		HideSolutionNode = FALSE
	EndGlobalSection
	GlobalSection(ExtensibilityGlobals) = postSolution
		SolutionGuid = {DD215384-149B-48E7-A5CF-8DAC1326C724}
	EndGlobalSection
EndGlobal
